// !$*UTF8*$!
{
	archiveVersion = 1;
	classes = {
	};
	objectVersion = 50;
	objects = {

/* Begin PBXBuildFile section */
		3F1239052101BFFD00CE19A8 /* AppDelegate.m in Sources */ = {isa = PBXBuildFile; fileRef = 3F1239042101BFFD00CE19A8 /* AppDelegate.m */; };
		3F1239082101BFFD00CE19A8 /* ViewController.m in Sources */ = {isa = PBXBuildFile; fileRef = 3F1239072101BFFD00CE19A8 /* ViewController.m */; };
		3F12390B2101BFFD00CE19A8 /* Main.storyboard in Resources */ = {isa = PBXBuildFile; fileRef = 3F1239092101BFFD00CE19A8 /* Main.storyboard */; };
		3F12390E2101BFFD00CE19A8 /* WHproject.xcdatamodeld in Sources */ = {isa = PBXBuildFile; fileRef = 3F12390C2101BFFD00CE19A8 /* WHproject.xcdatamodeld */; };
		3F1239102101BFFE00CE19A8 /* Assets.xcassets in Resources */ = {isa = PBXBuildFile; fileRef = 3F12390F2101BFFE00CE19A8 /* Assets.xcassets */; };
		3F1239132101BFFE00CE19A8 /* LaunchScreen.storyboard in Resources */ = {isa = PBXBuildFile; fileRef = 3F1239112101BFFE00CE19A8 /* LaunchScreen.storyboard */; };
		3F1239162101BFFE00CE19A8 /* main.m in Sources */ = {isa = PBXBuildFile; fileRef = 3F1239152101BFFE00CE19A8 /* main.m */; };
		3F1239202101BFFE00CE19A8 /* WHprojectTests.m in Sources */ = {isa = PBXBuildFile; fileRef = 3F12391F2101BFFE00CE19A8 /* WHprojectTests.m */; };
		3F12392B2101BFFE00CE19A8 /* WHprojectUITests.m in Sources */ = {isa = PBXBuildFile; fileRef = 3F12392A2101BFFE00CE19A8 /* WHprojectUITests.m */; };
/* End PBXBuildFile section */

/* Begin PBXContainerItemProxy section */
		3F12391C2101BFFE00CE19A8 /* PBXContainerItemProxy */ = {
			isa = PBXContainerItemProxy;
			containerPortal = 3F1238F82101BFFD00CE19A8 /* Project object */;
			proxyType = 1;
			remoteGlobalIDString = 3F1238FF2101BFFD00CE19A8;
			remoteInfo = WHproject;
		};
		3F1239272101BFFE00CE19A8 /* PBXContainerItemProxy */ = {
			isa = PBXContainerItemProxy;
			containerPortal = 3F1238F82101BFFD00CE19A8 /* Project object */;
			proxyType = 1;
			remoteGlobalIDString = 3F1238FF2101BFFD00CE19A8;
			remoteInfo = WHproject;
		};
/* End PBXContainerItemProxy section */

/* Begin PBXFileReference section */
		3F1239002101BFFD00CE19A8 /* WHproject.app */ = {isa = PBXFileReference; explicitFileType = wrapper.application; includeInIndex = 0; path = WHproject.app; sourceTree = BUILT_PRODUCTS_DIR; };
		3F1239032101BFFD00CE19A8 /* AppDelegate.h */ = {isa = PBXFileReference; lastKnownFileType = sourcecode.c.h; path = AppDelegate.h; sourceTree = "<group>"; };
		3F1239042101BFFD00CE19A8 /* AppDelegate.m */ = {isa = PBXFileReference; lastKnownFileType = sourcecode.c.objc; path = AppDelegate.m; sourceTree = "<group>"; };
		3F1239062101BFFD00CE19A8 /* ViewController.h */ = {isa = PBXFileReference; lastKnownFileType = sourcecode.c.h; path = ViewController.h; sourceTree = "<group>"; };
		3F1239072101BFFD00CE19A8 /* ViewController.m */ = {isa = PBXFileReference; lastKnownFileType = sourcecode.c.objc; path = ViewController.m; sourceTree = "<group>"; };
		3F12390A2101BFFD00CE19A8 /* Base */ = {isa = PBXFileReference; lastKnownFileType = file.storyboard; name = Base; path = Base.lproj/Main.storyboard; sourceTree = "<group>"; };
		3F12390D2101BFFD00CE19A8 /* WHproject.xcdatamodel */ = {isa = PBXFileReference; lastKnownFileType = wrapper.xcdatamodel; path = WHproject.xcdatamodel; sourceTree = "<group>"; };
		3F12390F2101BFFE00CE19A8 /* Assets.xcassets */ = {isa = PBXFileReference; lastKnownFileType = folder.assetcatalog; path = Assets.xcassets; sourceTree = "<group>"; };
		3F1239122101BFFE00CE19A8 /* Base */ = {isa = PBXFileReference; lastKnownFileType = file.storyboard; name = Base; path = Base.lproj/LaunchScreen.storyboard; sourceTree = "<group>"; };
		3F1239142101BFFE00CE19A8 /* Info.plist */ = {isa = PBXFileReference; lastKnownFileType = text.plist.xml; path = Info.plist; sourceTree = "<group>"; };
		3F1239152101BFFE00CE19A8 /* main.m */ = {isa = PBXFileReference; lastKnownFileType = sourcecode.c.objc; path = main.m; sourceTree = "<group>"; };
		3F12391B2101BFFE00CE19A8 /* WHprojectTests.xctest */ = {isa = PBXFileReference; explicitFileType = wrapper.cfbundle; includeInIndex = 0; path = WHprojectTests.xctest; sourceTree = BUILT_PRODUCTS_DIR; };
		3F12391F2101BFFE00CE19A8 /* WHprojectTests.m */ = {isa = PBXFileReference; lastKnownFileType = sourcecode.c.objc; path = WHprojectTests.m; sourceTree = "<group>"; };
		3F1239212101BFFE00CE19A8 /* Info.plist */ = {isa = PBXFileReference; lastKnownFileType = text.plist.xml; path = Info.plist; sourceTree = "<group>"; };
		3F1239262101BFFE00CE19A8 /* WHprojectUITests.xctest */ = {isa = PBXFileReference; explicitFileType = wrapper.cfbundle; includeInIndex = 0; path = WHprojectUITests.xctest; sourceTree = BUILT_PRODUCTS_DIR; };
		3F12392A2101BFFE00CE19A8 /* WHprojectUITests.m */ = {isa = PBXFileReference; lastKnownFileType = sourcecode.c.objc; path = WHprojectUITests.m; sourceTree = "<group>"; };
		3F12392C2101BFFE00CE19A8 /* Info.plist */ = {isa = PBXFileReference; lastKnownFileType = text.plist.xml; path = Info.plist; sourceTree = "<group>"; };
/* End PBXFileReference section */

/* Begin PBXFrameworksBuildPhase section */
		3F1238FD2101BFFD00CE19A8 /* Frameworks */ = {
			isa = PBXFrameworksBuildPhase;
			buildActionMask = 2147483647;
			files = (
			);
			runOnlyForDeploymentPostprocessing = 0;
		};
		3F1239182101BFFE00CE19A8 /* Frameworks */ = {
			isa = PBXFrameworksBuildPhase;
			buildActionMask = 2147483647;
			files = (
			);
			runOnlyForDeploymentPostprocessing = 0;
		};
		3F1239232101BFFE00CE19A8 /* Frameworks */ = {
			isa = PBXFrameworksBuildPhase;
			buildActionMask = 2147483647;
			files = (
			);
			runOnlyForDeploymentPostprocessing = 0;
		};
/* End PBXFrameworksBuildPhase section */

/* Begin PBXGroup section */
		3F1238F72101BFFD00CE19A8 = {
			isa = PBXGroup;
			children = (
				3F1239022101BFFD00CE19A8 /* WHproject */,
				3F12391E2101BFFE00CE19A8 /* WHprojectTests */,
				3F1239292101BFFE00CE19A8 /* WHprojectUITests */,
				3F1239012101BFFD00CE19A8 /* Products */,
			);
			sourceTree = "<group>";
		};
		3F1239012101BFFD00CE19A8 /* Products */ = {
			isa = PBXGroup;
			children = (
				3F1239002101BFFD00CE19A8 /* WHproject.app */,
				3F12391B2101BFFE00CE19A8 /* WHprojectTests.xctest */,
				3F1239262101BFFE00CE19A8 /* WHprojectUITests.xctest */,
			);
			name = Products;
			sourceTree = "<group>";
		};
		3F1239022101BFFD00CE19A8 /* WHproject */ = {
			isa = PBXGroup;
			children = (
				3F1239032101BFFD00CE19A8 /* AppDelegate.h */,
				3F1239042101BFFD00CE19A8 /* AppDelegate.m */,
				3F1239062101BFFD00CE19A8 /* ViewController.h */,
				3F1239072101BFFD00CE19A8 /* ViewController.m */,
				3F1239092101BFFD00CE19A8 /* Main.storyboard */,
				3F12390F2101BFFE00CE19A8 /* Assets.xcassets */,
				3F1239112101BFFE00CE19A8 /* LaunchScreen.storyboard */,
				3F1239142101BFFE00CE19A8 /* Info.plist */,
				3F1239152101BFFE00CE19A8 /* main.m */,
				3F12390C2101BFFD00CE19A8 /* WHproject.xcdatamodeld */,
			);
			path = WHproject;
			sourceTree = "<group>";
		};
		3F12391E2101BFFE00CE19A8 /* WHprojectTests */ = {
			isa = PBXGroup;
			children = (
				3F12391F2101BFFE00CE19A8 /* WHprojectTests.m */,
				3F1239212101BFFE00CE19A8 /* Info.plist */,
			);
			path = WHprojectTests;
			sourceTree = "<group>";
		};
		3F1239292101BFFE00CE19A8 /* WHprojectUITests */ = {
			isa = PBXGroup;
			children = (
				3F12392A2101BFFE00CE19A8 /* WHprojectUITests.m */,
				3F12392C2101BFFE00CE19A8 /* Info.plist */,
			);
			path = WHprojectUITests;
			sourceTree = "<group>";
		};
/* End PBXGroup section */

/* Begin PBXNativeTarget section */
		3F1238FF2101BFFD00CE19A8 /* WHproject */ = {
			isa = PBXNativeTarget;
			buildConfigurationList = 3F12392F2101BFFE00CE19A8 /* Build configuration list for PBXNativeTarget "WHproject" */;
			buildPhases = (
				3F1238FC2101BFFD00CE19A8 /* Sources */,
				3F1238FD2101BFFD00CE19A8 /* Frameworks */,
				3F1238FE2101BFFD00CE19A8 /* Resources */,
			);
			buildRules = (
			);
			dependencies = (
			);
			name = WHproject;
			productName = WHproject;
			productReference = 3F1239002101BFFD00CE19A8 /* WHproject.app */;
			productType = "com.apple.product-type.application";
		};
		3F12391A2101BFFE00CE19A8 /* WHprojectTests */ = {
			isa = PBXNativeTarget;
			buildConfigurationList = 3F1239322101BFFE00CE19A8 /* Build configuration list for PBXNativeTarget "WHprojectTests" */;
			buildPhases = (
				3F1239172101BFFE00CE19A8 /* Sources */,
				3F1239182101BFFE00CE19A8 /* Frameworks */,
				3F1239192101BFFE00CE19A8 /* Resources */,
			);
			buildRules = (
			);
			dependencies = (
				3F12391D2101BFFE00CE19A8 /* PBXTargetDependency */,
			);
			name = WHprojectTests;
			productName = WHprojectTests;
			productReference = 3F12391B2101BFFE00CE19A8 /* WHprojectTests.xctest */;
			productType = "com.apple.product-type.bundle.unit-test";
		};
		3F1239252101BFFE00CE19A8 /* WHprojectUITests */ = {
			isa = PBXNativeTarget;
			buildConfigurationList = 3F1239352101BFFE00CE19A8 /* Build configuration list for PBXNativeTarget "WHprojectUITests" */;
			buildPhases = (
				3F1239222101BFFE00CE19A8 /* Sources */,
				3F1239232101BFFE00CE19A8 /* Frameworks */,
				3F1239242101BFFE00CE19A8 /* Resources */,
			);
			buildRules = (
			);
			dependencies = (
				3F1239282101BFFE00CE19A8 /* PBXTargetDependency */,
			);
			name = WHprojectUITests;
			productName = WHprojectUITests;
			productReference = 3F1239262101BFFE00CE19A8 /* WHprojectUITests.xctest */;
			productType = "com.apple.product-type.bundle.ui-testing";
		};
/* End PBXNativeTarget section */

/* Begin PBXProject section */
		3F1238F82101BFFD00CE19A8 /* Project object */ = {
			isa = PBXProject;
			attributes = {
				LastUpgradeCheck = 0930;
				ORGANIZATIONNAME = "静";
				TargetAttributes = {
					3F1238FF2101BFFD00CE19A8 = {
						CreatedOnToolsVersion = 9.3;
					};
					3F12391A2101BFFE00CE19A8 = {
						CreatedOnToolsVersion = 9.3;
						TestTargetID = 3F1238FF2101BFFD00CE19A8;
					};
					3F1239252101BFFE00CE19A8 = {
						CreatedOnToolsVersion = 9.3;
						TestTargetID = 3F1238FF2101BFFD00CE19A8;
					};
				};
			};
			buildConfigurationList = 3F1238FB2101BFFD00CE19A8 /* Build configuration list for PBXProject "WHproject" */;
			compatibilityVersion = "Xcode 9.3";
			developmentRegion = en;
			hasScannedForEncodings = 0;
			knownRegions = (
				en,
				Base,
			);
			mainGroup = 3F1238F72101BFFD00CE19A8;
			productRefGroup = 3F1239012101BFFD00CE19A8 /* Products */;
			projectDirPath = "";
			projectRoot = "";
			targets = (
				3F1238FF2101BFFD00CE19A8 /* WHproject */,
				3F12391A2101BFFE00CE19A8 /* WHprojectTests */,
				3F1239252101BFFE00CE19A8 /* WHprojectUITests */,
			);
		};
/* End PBXProject section */

/* Begin PBXResourcesBuildPhase section */
		3F1238FE2101BFFD00CE19A8 /* Resources */ = {
			isa = PBXResourcesBuildPhase;
			buildActionMask = 2147483647;
			files = (
				3F1239132101BFFE00CE19A8 /* LaunchScreen.storyboard in Resources */,
				3F1239102101BFFE00CE19A8 /* Assets.xcassets in Resources */,
				3F12390B2101BFFD00CE19A8 /* Main.storyboard in Resources */,
			);
			runOnlyForDeploymentPostprocessing = 0;
		};
		3F1239192101BFFE00CE19A8 /* Resources */ = {
			isa = PBXResourcesBuildPhase;
			buildActionMask = 2147483647;
			files = (
			);
			runOnlyForDeploymentPostprocessing = 0;
		};
		3F1239242101BFFE00CE19A8 /* Resources */ = {
			isa = PBXResourcesBuildPhase;
			buildActionMask = 2147483647;
			files = (
			);
			runOnlyForDeploymentPostprocessing = 0;
		};
/* End PBXResourcesBuildPhase section */

/* Begin PBXSourcesBuildPhase section */
		3F1238FC2101BFFD00CE19A8 /* Sources */ = {
			isa = PBXSourcesBuildPhase;
			buildActionMask = 2147483647;
			files = (
				3F1239082101BFFD00CE19A8 /* ViewController.m in Sources */,
				3F1239052101BFFD00CE19A8 /* AppDelegate.m in Sources */,
				3F1239162101BFFE00CE19A8 /* main.m in Sources */,
				3F12390E2101BFFD00CE19A8 /* WHproject.xcdatamodeld in Sources */,
			);
			runOnlyForDeploymentPostprocessing = 0;
		};
		3F1239172101BFFE00CE19A8 /* Sources */ = {
			isa = PBXSourcesBuildPhase;
			buildActionMask = 2147483647;
			files = (
				3F1239202101BFFE00CE19A8 /* WHprojectTests.m in Sources */,
			);
			runOnlyForDeploymentPostprocessing = 0;
		};
		3F1239222101BFFE00CE19A8 /* Sources */ = {
			isa = PBXSourcesBuildPhase;
			buildActionMask = 2147483647;
			files = (
				3F12392B2101BFFE00CE19A8 /* WHprojectUITests.m in Sources */,
			);
			runOnlyForDeploymentPostprocessing = 0;
		};
/* End PBXSourcesBuildPhase section */

/* Begin PBXTargetDependency section */
		3F12391D2101BFFE00CE19A8 /* PBXTargetDependency */ = {
			isa = PBXTargetDependency;
			target = 3F1238FF2101BFFD00CE19A8 /* WHproject */;
			targetProxy = 3F12391C2101BFFE00CE19A8 /* PBXContainerItemProxy */;
		};
		3F1239282101BFFE00CE19A8 /* PBXTargetDependency */ = {
			isa = PBXTargetDependency;
			target = 3F1238FF2101BFFD00CE19A8 /* WHproject */;
			targetProxy = 3F1239272101BFFE00CE19A8 /* PBXContainerItemProxy */;
		};
/* End PBXTargetDependency section */

/* Begin PBXVariantGroup section */
		3F1239092101BFFD00CE19A8 /* Main.storyboard */ = {
			isa = PBXVariantGroup;
			children = (
				3F12390A2101BFFD00CE19A8 /* Base */,
			);
			name = Main.storyboard;
			sourceTree = "<group>";
		};
		3F1239112101BFFE00CE19A8 /* LaunchScreen.storyboard */ = {
			isa = PBXVariantGroup;
			children = (
				3F1239122101BFFE00CE19A8 /* Base */,
			);
			name = LaunchScreen.storyboard;
			sourceTree = "<group>";
		};
/* End PBXVariantGroup section */

/* Begin XCBuildConfiguration section */
		3F12392D2101BFFE00CE19A8 /* Debug */ = {
			isa = XCBuildConfiguration;
			buildSettings = {
				ALWAYS_SEARCH_USER_PATHS = NO;
				CLANG_ANALYZER_NONNULL = YES;
				CLANG_ANALYZER_NUMBER_OBJECT_CONVERSION = YES_AGGRESSIVE;
				CLANG_CXX_LANGUAGE_STANDARD = "gnu++14";
				CLANG_CXX_LIBRARY = "libc++";
				CLANG_ENABLE_MODULES = YES;
				CLANG_ENABLE_OBJC_ARC = YES;
				CLANG_ENABLE_OBJC_WEAK = YES;
				CLANG_WARN_BLOCK_CAPTURE_AUTORELEASING = YES;
				CLANG_WARN_BOOL_CONVERSION = YES;
				CLANG_WARN_COMMA = YES;
				CLANG_WARN_CONSTANT_CONVERSION = YES;
				CLANG_WARN_DEPRECATED_OBJC_IMPLEMENTATIONS = YES;
				CLANG_WARN_DIRECT_OBJC_ISA_USAGE = YES_ERROR;
				CLANG_WARN_DOCUMENTATION_COMMENTS = YES;
				CLANG_WARN_EMPTY_BODY = YES;
				CLANG_WARN_ENUM_CONVERSION = YES;
				CLANG_WARN_INFINITE_RECURSION = YES;
				CLANG_WARN_INT_CONVERSION = YES;
				CLANG_WARN_NON_LITERAL_NULL_CONVERSION = YES;
				CLANG_WARN_OBJC_IMPLICIT_RETAIN_SELF = YES;
				CLANG_WARN_OBJC_LITERAL_CONVERSION = YES;
				CLANG_WARN_OBJC_ROOT_CLASS = YES_ERROR;
				CLANG_WARN_RANGE_LOOP_ANALYSIS = YES;
				CLANG_WARN_STRICT_PROTOTYPES = YES;
				CLANG_WARN_SUSPICIOUS_MOVE = YES;
				CLANG_WARN_UNGUARDED_AVAILABILITY = YES_AGGRESSIVE;
				CLANG_WARN_UNREACHABLE_CODE = YES;
				CLANG_WARN__DUPLICATE_METHOD_MATCH = YES;
				CODE_SIGN_IDENTITY = "iPhone Developer";
				COPY_PHASE_STRIP = NO;
				DEBUG_INFORMATION_FORMAT = dwarf;
				ENABLE_STRICT_OBJC_MSGSEND = YES;
				ENABLE_TESTABILITY = YES;
				GCC_C_LANGUAGE_STANDARD = gnu11;
				GCC_DYNAMIC_NO_PIC = NO;
				GCC_NO_COMMON_BLOCKS = YES;
				GCC_OPTIMIZATION_LEVEL = 0;
				GCC_PREPROCESSOR_DEFINITIONS = (
					"DEBUG=1",
					"$(inherited)",
				);
				GCC_WARN_64_TO_32_BIT_CONVERSION = YES;
				GCC_WARN_ABOUT_RETURN_TYPE = YES_ERROR;
				GCC_WARN_UNDECLARED_SELECTOR = YES;
				GCC_WARN_UNINITIALIZED_AUTOS = YES_AGGRESSIVE;
				GCC_WARN_UNUSED_FUNCTION = YES;
				GCC_WARN_UNUSED_VARIABLE = YES;
				IPHONEOS_DEPLOYMENT_TARGET = 11.3;
				MTL_ENABLE_DEBUG_INFO = YES;
				ONLY_ACTIVE_ARCH = YES;
				SDKROOT = iphoneos;
			};
			name = Debug;
		};
		3F12392E2101BFFE00CE19A8 /* Release */ = {
			isa = XCBuildConfiguration;
			buildSettings = {
				ALWAYS_SEARCH_USER_PATHS = NO;
				CLANG_ANALYZER_NONNULL = YES;
				CLANG_ANALYZER_NUMBER_OBJECT_CONVERSION = YES_AGGRESSIVE;
				CLANG_CXX_LANGUAGE_STANDARD = "gnu++14";
				CLANG_CXX_LIBRARY = "libc++";
				CLANG_ENABLE_MODULES = YES;
				CLANG_ENABLE_OBJC_ARC = YES;
				CLANG_ENABLE_OBJC_WEAK = YES;
				CLANG_WARN_BLOCK_CAPTURE_AUTORELEASING = YES;
				CLANG_WARN_BOOL_CONVERSION = YES;
				CLANG_WARN_COMMA = YES;
				CLANG_WARN_CONSTANT_CONVERSION = YES;
				CLANG_WARN_DEPRECATED_OBJC_IMPLEMENTATIONS = YES;
				CLANG_WARN_DIRECT_OBJC_ISA_USAGE = YES_ERROR;
				CLANG_WARN_DOCUMENTATION_COMMENTS = YES;
				CLANG_WARN_EMPTY_BODY = YES;
				CLANG_WARN_ENUM_CONVERSION = YES;
				CLANG_WARN_INFINITE_RECURSION = YES;
				CLANG_WARN_INT_CONVERSION = YES;
				CLANG_WARN_NON_LITERAL_NULL_CONVERSION = YES;
				CLANG_WARN_OBJC_IMPLICIT_RETAIN_SELF = YES;
				CLANG_WARN_OBJC_LITERAL_CONVERSION = YES;
				CLANG_WARN_OBJC_ROOT_CLASS = YES_ERROR;
				CLANG_WARN_RANGE_LOOP_ANALYSIS = YES;
				CLANG_WARN_STRICT_PROTOTYPES = YES;
				CLANG_WARN_SUSPICIOUS_MOVE = YES;
				CLANG_WARN_UNGUARDED_AVAILABILITY = YES_AGGRESSIVE;
				CLANG_WARN_UNREACHABLE_CODE = YES;
				CLANG_WARN__DUPLICATE_METHOD_MATCH = YES;
				CODE_SIGN_IDENTITY = "iPhone Developer";
				COPY_PHASE_STRIP = NO;
				DEBUG_INFORMATION_FORMAT = "dwarf-with-dsym";
				ENABLE_NS_ASSERTIONS = NO;
				ENABLE_STRICT_OBJC_MSGSEND = YES;
				GCC_C_LANGUAGE_STANDARD = gnu11;
				GCC_NO_COMMON_BLOCKS = YES;
				GCC_WARN_64_TO_32_BIT_CONVERSION = YES;
				GCC_WARN_ABOUT_RETURN_TYPE = YES_ERROR;
				GCC_WARN_UNDECLARED_SELECTOR = YES;
				GCC_WARN_UNINITIALIZED_AUTOS = YES_AGGRESSIVE;
				GCC_WARN_UNUSED_FUNCTION = YES;
				GCC_WARN_UNUSED_VARIABLE = YES;
				IPHONEOS_DEPLOYMENT_TARGET = 11.3;
				MTL_ENABLE_DEBUG_INFO = NO;
				SDKROOT = iphoneos;
				VALIDATE_PRODUCT = YES;
			};
			name = Release;
		};
		3F1239302101BFFE00CE19A8 /* Debug */ = {
			isa = XCBuildConfiguration;
			buildSettings = {
				ASSETCATALOG_COMPILER_APPICON_NAME = AppIcon;
				CODE_SIGN_STYLE = Automatic;
				INFOPLIST_FILE = WHproject/Info.plist;
				LD_RUNPATH_SEARCH_PATHS = (
					"$(inherited)",
					"@executable_path/Frameworks",
				);
				PRODUCT_BUNDLE_IDENTIFIER = storyBoardTest.WHproject;
				PRODUCT_NAME = "$(TARGET_NAME)";
				TARGETED_DEVICE_FAMILY = "1,2";
			};
			name = Debug;
		};
		3F1239312101BFFE00CE19A8 /* Release */ = {
			isa = XCBuildConfiguration;
			buildSettings = {
				ASSETCATALOG_COMPILER_APPICON_NAME = AppIcon;
				CODE_SIGN_STYLE = Automatic;
				INFOPLIST_FILE = WHproject/Info.plist;
				LD_RUNPATH_SEARCH_PATHS = (
					"$(inherited)",
					"@executable_path/Frameworks",
				);
				PRODUCT_BUNDLE_IDENTIFIER = storyBoardTest.WHproject;
				PRODUCT_NAME = "$(TARGET_NAME)";
				TARGETED_DEVICE_FAMILY = "1,2";
			};
			name = Release;
		};
		3F1239332101BFFE00CE19A8 /* Debug */ = {
			isa = XCBuildConfiguration;
			buildSettings = {
				BUNDLE_LOADER = "$(TEST_HOST)";
				CODE_SIGN_STYLE = Automatic;
				INFOPLIST_FILE = WHprojectTests/Info.plist;
				LD_RUNPATH_SEARCH_PATHS = (
					"$(inherited)",
					"@executable_path/Frameworks",
					"@loader_path/Frameworks",
				);
				PRODUCT_BUNDLE_IDENTIFIER = storyBoardTest.WHprojectTests;
				PRODUCT_NAME = "$(TARGET_NAME)";
				TARGETED_DEVICE_FAMILY = "1,2";
				TEST_HOST = "$(BUILT_PRODUCTS_DIR)/WHproject.app/WHproject";
			};
			name = Debug;
		};
		3F1239342101BFFE00CE19A8 /* Release */ = {
			isa = XCBuildConfiguration;
			buildSettings = {
				BUNDLE_LOADER = "$(TEST_HOST)";
				CODE_SIGN_STYLE = Automatic;
				INFOPLIST_FILE = WHprojectTests/Info.plist;
				LD_RUNPATH_SEARCH_PATHS = (
					"$(inherited)",
					"@executable_path/Frameworks",
					"@loader_path/Frameworks",
				);
				PRODUCT_BUNDLE_IDENTIFIER = storyBoardTest.WHprojectTests;
				PRODUCT_NAME = "$(TARGET_NAME)";
				TARGETED_DEVICE_FAMILY = "1,2";
				TEST_HOST = "$(BUILT_PRODUCTS_DIR)/WHproject.app/WHproject";
			};
			name = Release;
		};
		3F1239362101BFFE00CE19A8 /* Debug */ = {
			isa = XCBuildConfiguration;
			buildSettings = {
				CODE_SIGN_STYLE = Automatic;
				INFOPLIST_FILE = WHprojectUITests/Info.plist;
				LD_RUNPATH_SEARCH_PATHS = (
					"$(inherited)",
					"@executable_path/Frameworks",
					"@loader_path/Frameworks",
				);
				PRODUCT_BUNDLE_IDENTIFIER = storyBoardTest.WHprojectUITests;
				PRODUCT_NAME = "$(TARGET_NAME)";
				TARGETED_DEVICE_FAMILY = "1,2";
				TEST_TARGET_NAME = WHproject;
			};
			name = Debug;
		};
		3F1239372101BFFE00CE19A8 /* Release */ = {
			isa = XCBuildConfiguration;
			buildSettings = {
				CODE_SIGN_STYLE = Automatic;
				INFOPLIST_FILE = WHprojectUITests/Info.plist;
				LD_RUNPATH_SEARCH_PATHS = (
					"$(inherited)",
					"@executable_path/Frameworks",
					"@loader_path/Frameworks",
				);
				PRODUCT_BUNDLE_IDENTIFIER = storyBoardTest.WHprojectUITests;
				PRODUCT_NAME = "$(TARGET_NAME)";
				TARGETED_DEVICE_FAMILY = "1,2";
				TEST_TARGET_NAME = WHproject;
			};
			name = Release;
		};
/* End XCBuildConfiguration section */

/* Begin XCConfigurationList section */
		3F1238FB2101BFFD00CE19A8 /* Build configuration list for PBXProject "WHproject" */ = {
			isa = XCConfigurationList;
			buildConfigurations = (
				3F12392D2101BFFE00CE19A8 /* Debug */,
				3F12392E2101BFFE00CE19A8 /* Release */,
			);
			defaultConfigurationIsVisible = 0;
			defaultConfigurationName = Release;
		};
		3F12392F2101BFFE00CE19A8 /* Build configuration list for PBXNativeTarget "WHproject" */ = {
			isa = XCConfigurationList;
			buildConfigurations = (
				3F1239302101BFFE00CE19A8 /* Debug */,
				3F1239312101BFFE00CE19A8 /* Release */,
			);
			defaultConfigurationIsVisible = 0;
			defaultConfigurationName = Release;
		};
		3F1239322101BFFE00CE19A8 /* Build configuration list for PBXNativeTarget "WHprojectTests" */ = {
			isa = XCConfigurationList;
			buildConfigurations = (
				3F1239332101BFFE00CE19A8 /* Debug */,
				3F1239342101BFFE00CE19A8 /* Release */,
			);
			defaultConfigurationIsVisible = 0;
			defaultConfigurationName = Release;
		};
		3F1239352101BFFE00CE19A8 /* Build configuration list for PBXNativeTarget "WHprojectUITests" */ = {
			isa = XCConfigurationList;
			buildConfigurations = (
				3F1239362101BFFE00CE19A8 /* Debug */,
				3F1239372101BFFE00CE19A8 /* Release */,
			);
			defaultConfigurationIsVisible = 0;
			defaultConfigurationName = Release;
		};
/* End XCConfigurationList section */

/* Begin XCVersionGroup section */
		3F12390C2101BFFD00CE19A8 /* WHproject.xcdatamodeld */ = {
			isa = XCVersionGroup;
			children = (
				3F12390D2101BFFD00CE19A8 /* WHproject.xcdatamodel */,
			);
			currentVersion = 3F12390D2101BFFD00CE19A8 /* WHproject.xcdatamodel */;
			path = WHproject.xcdatamodeld;
			sourceTree = "<group>";
			versionGroupType = wrapper.xcdatamodel;
		};
/* End XCVersionGroup section */
	};
	rootObject = 3F1238F82101BFFD00CE19A8 /* Project object */;
}
